
Microsoft Visual Studio Solution File, Format Version 12.00
# Visual Studio Version 16
VisualStudioVersion = 16.0.29613.14
MinimumVisualStudioVersion = 10.0.40219.1
Project("{9A19103F-16F7-4668-BE54-9A1E7A4F7556}") = "DebugDemo", "DebugDemo\DebugDemo.csproj", "{922F7EBC-1AF7-4EEC-9DF6-3EE4FC4BB2F5}"
EndProject
Project("{9A19103F-16F7-4668-BE54-9A1E7A4F7556}") = "Leg1", "Leg1\Leg1.csproj", "{14C1CB24-D628-4CC2-9128-20958AA673A2}"
EndProject
Project("{FAE04EC0-301F-11D3-BF4B-00C04F79EFBC}") = "regnemaskine", "regnemaskine\regnemaskine.csproj", "{B5497564-C546-4EF3-92E2-9E18E706B912}"
EndProject
Project("{FAE04EC0-301F-11D3-BF4B-00C04F79EFBC}") = "Strenge", "Strenge\Strenge.csproj", "{7967D92C-C07C-4964-840D-3FAEF0B7F189}"
EndProject
Project("{FAE04EC0-301F-11D3-BF4B-00C04F79EFBC}") = "Enums", "Enums\Enums.csproj", "{FBB88C76-7E9F-4791-8672-8D1F5533C8DD}"
EndProject
Global
	GlobalSection(SolutionConfigurationPlatforms) = preSolution
		Debug|Any CPU = Debug|Any CPU
		Release|Any CPU = Release|Any CPU
	EndGlobalSection
	GlobalSection(ProjectConfigurationPlatforms) = postSolution
		{922F7EBC-1AF7-4EEC-9DF6-3EE4FC4BB2F5}.Debug|Any CPU.ActiveCfg = Debug|Any CPU
		{922F7EBC-1AF7-4EEC-9DF6-3EE4FC4BB2F5}.Debug|Any CPU.Build.0 = Debug|Any CPU
		{922F7EBC-1AF7-4EEC-9DF6-3EE4FC4BB2F5}.Release|Any CPU.ActiveCfg = Release|Any CPU
		{922F7EBC-1AF7-4EEC-9DF6-3EE4FC4BB2F5}.Release|Any CPU.Build.0 = Release|Any CPU
		{14C1CB24-D628-4CC2-9128-20958AA673A2}.Debug|Any CPU.ActiveCfg = Debug|Any CPU
		{14C1CB24-D628-4CC2-9128-20958AA673A2}.Debug|Any CPU.Build.0 = Debug|Any CPU
		{14C1CB24-D628-4CC2-9128-20958AA673A2}.Release|Any CPU.ActiveCfg = Release|Any CPU
		{14C1CB24-D628-4CC2-9128-20958AA673A2}.Release|Any CPU.Build.0 = Release|Any CPU
		{B5497564-C546-4EF3-92E2-9E18E706B912}.Debug|Any CPU.ActiveCfg = Debug|Any CPU
		{B5497564-C546-4EF3-92E2-9E18E706B912}.Debug|Any CPU.Build.0 = Debug|Any CPU
		{B5497564-C546-4EF3-92E2-9E18E706B912}.Release|Any CPU.ActiveCfg = Release|Any CPU
		{B5497564-C546-4EF3-92E2-9E18E706B912}.Release|Any CPU.Build.0 = Release|Any CPU
		{7967D92C-C07C-4964-840D-3FAEF0B7F189}.Debug|Any CPU.ActiveCfg = Debug|Any CPU
		{7967D92C-C07C-4964-840D-3FAEF0B7F189}.Debug|Any CPU.Build.0 = Debug|Any CPU
		{7967D92C-C07C-4964-840D-3FAEF0B7F189}.Release|Any CPU.ActiveCfg = Release|Any CPU
		{7967D92C-C07C-4964-840D-3FAEF0B7F189}.Release|Any CPU.Build.0 = Release|Any CPU
		{FBB88C76-7E9F-4791-8672-8D1F5533C8DD}.Debug|Any CPU.ActiveCfg = Debug|Any CPU
		{FBB88C76-7E9F-4791-8672-8D1F5533C8DD}.Debug|Any CPU.Build.0 = Debug|Any CPU
		{FBB88C76-7E9F-4791-8672-8D1F5533C8DD}.Release|Any CPU.ActiveCfg = Release|Any CPU
		{FBB88C76-7E9F-4791-8672-8D1F5533C8DD}.Release|Any CPU.Build.0 = Release|Any CPU
	EndGlobalSection
	GlobalSection(SolutionProperties) = preSolution
		HideSolutionNode = FALSE
	EndGlobalSection
	GlobalSection(ExtensibilityGlobals) = postSolution
		SolutionGuid = {480CC6D9-6C0E-4CCA-995D-78AEF66CE0B8}
	EndGlobalSection
EndGlobal
