
Microsoft Visual Studio Solution File, Format Version 12.00
# Visual Studio Version 16
VisualStudioVersion = 16.0.29613.14
MinimumVisualStudioVersion = 10.0.40219.1
Project("{9A19103F-16F7-4668-BE54-9A1E7A4F7556}") = "DebugDemo", "DebugDemo\DebugDemo.csproj", "{922F7EBC-1AF7-4EEC-9DF6-3EE4FC4BB2F5}"
EndProject
Project("{9A19103F-16F7-4668-BE54-9A1E7A4F7556}") = "Leg1", "Leg1\Leg1.csproj", "{14C1CB24-D628-4CC2-9128-20958AA673A2}"
EndProject
Project("{9A19103F-16F7-4668-BE54-9A1E7A4F7556}") = "regnemaskine", "regnemaskine\regnemaskine.csproj", "{B5497564-C546-4EF3-92E2-9E18E706B912}"
EndProject
Project("{9A19103F-16F7-4668-BE54-9A1E7A4F7556}") = "Strenge", "Strenge\Strenge.csproj", "{7967D92C-C07C-4964-840D-3FAEF0B7F189}"
EndProject
Project("{9A19103F-16F7-4668-BE54-9A1E7A4F7556}") = "Enums", "Enums\Enums.csproj", "{FBB88C76-7E9F-4791-8672-8D1F5533C8DD}"
EndProject
Project("{9A19103F-16F7-4668-BE54-9A1E7A4F7556}") = "FlowControl", "FlowControl\FlowControl.csproj", "{A87C66D0-2506-403D-BC09-DF2CA94E5FF2}"
EndProject
Project("{9A19103F-16F7-4668-BE54-9A1E7A4F7556}") = "Metoder", "Metoder\Metoder.csproj", "{33A82368-271D-4EBD-954E-D7D49F721620}"
EndProject
Project("{9A19103F-16F7-4668-BE54-9A1E7A4F7556}") = "Fil", "Fil\Fil.csproj", "{F726F645-B982-4EBA-9BBD-F2F16A44C3A2}"
EndProject
Project("{9A19103F-16F7-4668-BE54-9A1E7A4F7556}") = "FejlHåndtering", "FejlHåndtering\FejlHåndtering.csproj", "{F4BAAAC1-08A9-47C7-B9E6-CA4FCC69588E}"
EndProject
Project("{FAE04EC0-301F-11D3-BF4B-00C04F79EFBC}") = "Arrays", "Arrays\Arrays.csproj", "{A4BF613C-5541-46EB-8CE4-0B27FB7DC891}"
EndProject
Project("{FAE04EC0-301F-11D3-BF4B-00C04F79EFBC}") = "Collections", "Collections\Collections.csproj", "{B8C9AA52-3152-45AA-B29A-AFEA84FEE003}"
EndProject
Project("{FAE04EC0-301F-11D3-BF4B-00C04F79EFBC}") = "Klasser", "Klasser\Klasser.csproj", "{ECB2D434-6191-48D7-A838-0E863440031D}"
EndProject
Project("{FAE04EC0-301F-11D3-BF4B-00C04F79EFBC}") = "KlassePerson", "KlassePerson\KlassePerson.csproj", "{AAAEC5ED-81F9-487D-B575-01657A2F56F8}"
EndProject
Project("{FAE04EC0-301F-11D3-BF4B-00C04F79EFBC}") = "Beregninger", "Beregninger\Beregninger.csproj", "{36B9DB2A-4445-41B4-AED2-F134B3D400D3}"
EndProject
Project("{FAE04EC0-301F-11D3-BF4B-00C04F79EFBC}") = "StrucvsClass", "StrucvsClass\StrucvsClass.csproj", "{3AE752B2-12AE-415D-B1A9-DA7FF47AB100}"
EndProject
Project("{FAE04EC0-301F-11D3-BF4B-00C04F79EFBC}") = "StackHeap", "StackHeap\StackHeap.csproj", "{7D1F1700-7F75-4D7B-AE4F-ABE7116E1FBB}"
EndProject
Project("{FAE04EC0-301F-11D3-BF4B-00C04F79EFBC}") = "Yatzee", "Yatzee\Yatzee.csproj", "{006971CA-0EF0-4BEE-99C3-DB1EBC14D6AB}"
EndProject
Project("{FAE04EC0-301F-11D3-BF4B-00C04F79EFBC}") = "Opg 90.1 _ Full Property", "Opg 90.1 _ Full Property\Opg 90.1 _ Full Property.csproj", "{7258E7B6-81DC-4681-BDA8-0978B2FA7F92}"
EndProject
Project("{FAE04EC0-301F-11D3-BF4B-00C04F79EFBC}") = "Opg 90.2 _ klassisk fejl", "Opg 90.2 _ klassisk fejl\Opg 90.2 _ klassisk fejl.csproj", "{70B66EF9-215D-4187-9D9F-A56B3786E4A3}"
EndProject
Project("{FAE04EC0-301F-11D3-BF4B-00C04F79EFBC}") = "Opg 90.4 Terning med egenskaber", "Opg 90.4 Terning med egenskaber\Opg 90.4 Terning med egenskaber.csproj", "{8BBA9203-0BF3-4161-91E8-E9993BF6859B}"
EndProject
Project("{FAE04EC0-301F-11D3-BF4B-00C04F79EFBC}") = "Opg 90.6 Automatiske egenskaber", "ConsoleApp2\Opg 90.6 Automatiske egenskaber.csproj", "{7F161CB8-A24A-49DE-AD05-B0C41AB0B98D}"
EndProject
Project("{FAE04EC0-301F-11D3-BF4B-00C04F79EFBC}") = "Nedarvning", "Nedarvning\Nedarvning.csproj", "{BA75D18A-55EF-4A83-8D40-A397F53A5F29}"
EndProject
Project("{FAE04EC0-301F-11D3-BF4B-00C04F79EFBC}") = "Opg_100_1_Simpel_Polymorfi", "Opg_100_1_Simpel_Polymorfi\Opg_100_1_Simpel_Polymorfi.csproj", "{03E57D1F-F8B9-49CC-99B7-AC8029AD1E87}"
EndProject
Global
	GlobalSection(SolutionConfigurationPlatforms) = preSolution
		Debug|Any CPU = Debug|Any CPU
		Release|Any CPU = Release|Any CPU
	EndGlobalSection
	GlobalSection(ProjectConfigurationPlatforms) = postSolution
		{922F7EBC-1AF7-4EEC-9DF6-3EE4FC4BB2F5}.Debug|Any CPU.ActiveCfg = Debug|Any CPU
		{922F7EBC-1AF7-4EEC-9DF6-3EE4FC4BB2F5}.Debug|Any CPU.Build.0 = Debug|Any CPU
		{922F7EBC-1AF7-4EEC-9DF6-3EE4FC4BB2F5}.Release|Any CPU.ActiveCfg = Release|Any CPU
		{922F7EBC-1AF7-4EEC-9DF6-3EE4FC4BB2F5}.Release|Any CPU.Build.0 = Release|Any CPU
		{14C1CB24-D628-4CC2-9128-20958AA673A2}.Debug|Any CPU.ActiveCfg = Debug|Any CPU
		{14C1CB24-D628-4CC2-9128-20958AA673A2}.Debug|Any CPU.Build.0 = Debug|Any CPU
		{14C1CB24-D628-4CC2-9128-20958AA673A2}.Release|Any CPU.ActiveCfg = Release|Any CPU
		{14C1CB24-D628-4CC2-9128-20958AA673A2}.Release|Any CPU.Build.0 = Release|Any CPU
		{B5497564-C546-4EF3-92E2-9E18E706B912}.Debug|Any CPU.ActiveCfg = Debug|Any CPU
		{B5497564-C546-4EF3-92E2-9E18E706B912}.Debug|Any CPU.Build.0 = Debug|Any CPU
		{B5497564-C546-4EF3-92E2-9E18E706B912}.Release|Any CPU.ActiveCfg = Release|Any CPU
		{B5497564-C546-4EF3-92E2-9E18E706B912}.Release|Any CPU.Build.0 = Release|Any CPU
		{7967D92C-C07C-4964-840D-3FAEF0B7F189}.Debug|Any CPU.ActiveCfg = Debug|Any CPU
		{7967D92C-C07C-4964-840D-3FAEF0B7F189}.Debug|Any CPU.Build.0 = Debug|Any CPU
		{7967D92C-C07C-4964-840D-3FAEF0B7F189}.Release|Any CPU.ActiveCfg = Release|Any CPU
		{7967D92C-C07C-4964-840D-3FAEF0B7F189}.Release|Any CPU.Build.0 = Release|Any CPU
		{FBB88C76-7E9F-4791-8672-8D1F5533C8DD}.Debug|Any CPU.ActiveCfg = Debug|Any CPU
		{FBB88C76-7E9F-4791-8672-8D1F5533C8DD}.Debug|Any CPU.Build.0 = Debug|Any CPU
		{FBB88C76-7E9F-4791-8672-8D1F5533C8DD}.Release|Any CPU.ActiveCfg = Release|Any CPU
		{FBB88C76-7E9F-4791-8672-8D1F5533C8DD}.Release|Any CPU.Build.0 = Release|Any CPU
		{A87C66D0-2506-403D-BC09-DF2CA94E5FF2}.Debug|Any CPU.ActiveCfg = Debug|Any CPU
		{A87C66D0-2506-403D-BC09-DF2CA94E5FF2}.Debug|Any CPU.Build.0 = Debug|Any CPU
		{A87C66D0-2506-403D-BC09-DF2CA94E5FF2}.Release|Any CPU.ActiveCfg = Release|Any CPU
		{A87C66D0-2506-403D-BC09-DF2CA94E5FF2}.Release|Any CPU.Build.0 = Release|Any CPU
		{33A82368-271D-4EBD-954E-D7D49F721620}.Debug|Any CPU.ActiveCfg = Debug|Any CPU
		{33A82368-271D-4EBD-954E-D7D49F721620}.Debug|Any CPU.Build.0 = Debug|Any CPU
		{33A82368-271D-4EBD-954E-D7D49F721620}.Release|Any CPU.ActiveCfg = Release|Any CPU
		{33A82368-271D-4EBD-954E-D7D49F721620}.Release|Any CPU.Build.0 = Release|Any CPU
		{F726F645-B982-4EBA-9BBD-F2F16A44C3A2}.Debug|Any CPU.ActiveCfg = Debug|Any CPU
		{F726F645-B982-4EBA-9BBD-F2F16A44C3A2}.Debug|Any CPU.Build.0 = Debug|Any CPU
		{F726F645-B982-4EBA-9BBD-F2F16A44C3A2}.Release|Any CPU.ActiveCfg = Release|Any CPU
		{F726F645-B982-4EBA-9BBD-F2F16A44C3A2}.Release|Any CPU.Build.0 = Release|Any CPU
		{F4BAAAC1-08A9-47C7-B9E6-CA4FCC69588E}.Debug|Any CPU.ActiveCfg = Debug|Any CPU
		{F4BAAAC1-08A9-47C7-B9E6-CA4FCC69588E}.Debug|Any CPU.Build.0 = Debug|Any CPU
		{F4BAAAC1-08A9-47C7-B9E6-CA4FCC69588E}.Release|Any CPU.ActiveCfg = Release|Any CPU
		{F4BAAAC1-08A9-47C7-B9E6-CA4FCC69588E}.Release|Any CPU.Build.0 = Release|Any CPU
		{A4BF613C-5541-46EB-8CE4-0B27FB7DC891}.Debug|Any CPU.ActiveCfg = Debug|Any CPU
		{A4BF613C-5541-46EB-8CE4-0B27FB7DC891}.Debug|Any CPU.Build.0 = Debug|Any CPU
		{A4BF613C-5541-46EB-8CE4-0B27FB7DC891}.Release|Any CPU.ActiveCfg = Release|Any CPU
		{A4BF613C-5541-46EB-8CE4-0B27FB7DC891}.Release|Any CPU.Build.0 = Release|Any CPU
		{B8C9AA52-3152-45AA-B29A-AFEA84FEE003}.Debug|Any CPU.ActiveCfg = Debug|Any CPU
		{B8C9AA52-3152-45AA-B29A-AFEA84FEE003}.Debug|Any CPU.Build.0 = Debug|Any CPU
		{B8C9AA52-3152-45AA-B29A-AFEA84FEE003}.Release|Any CPU.ActiveCfg = Release|Any CPU
		{B8C9AA52-3152-45AA-B29A-AFEA84FEE003}.Release|Any CPU.Build.0 = Release|Any CPU
		{ECB2D434-6191-48D7-A838-0E863440031D}.Debug|Any CPU.ActiveCfg = Debug|Any CPU
		{ECB2D434-6191-48D7-A838-0E863440031D}.Debug|Any CPU.Build.0 = Debug|Any CPU
		{ECB2D434-6191-48D7-A838-0E863440031D}.Release|Any CPU.ActiveCfg = Release|Any CPU
		{ECB2D434-6191-48D7-A838-0E863440031D}.Release|Any CPU.Build.0 = Release|Any CPU
		{AAAEC5ED-81F9-487D-B575-01657A2F56F8}.Debug|Any CPU.ActiveCfg = Debug|Any CPU
		{AAAEC5ED-81F9-487D-B575-01657A2F56F8}.Debug|Any CPU.Build.0 = Debug|Any CPU
		{AAAEC5ED-81F9-487D-B575-01657A2F56F8}.Release|Any CPU.ActiveCfg = Release|Any CPU
		{AAAEC5ED-81F9-487D-B575-01657A2F56F8}.Release|Any CPU.Build.0 = Release|Any CPU
		{36B9DB2A-4445-41B4-AED2-F134B3D400D3}.Debug|Any CPU.ActiveCfg = Debug|Any CPU
		{36B9DB2A-4445-41B4-AED2-F134B3D400D3}.Debug|Any CPU.Build.0 = Debug|Any CPU
		{36B9DB2A-4445-41B4-AED2-F134B3D400D3}.Release|Any CPU.ActiveCfg = Release|Any CPU
		{36B9DB2A-4445-41B4-AED2-F134B3D400D3}.Release|Any CPU.Build.0 = Release|Any CPU
		{3AE752B2-12AE-415D-B1A9-DA7FF47AB100}.Debug|Any CPU.ActiveCfg = Debug|Any CPU
		{3AE752B2-12AE-415D-B1A9-DA7FF47AB100}.Debug|Any CPU.Build.0 = Debug|Any CPU
		{3AE752B2-12AE-415D-B1A9-DA7FF47AB100}.Release|Any CPU.ActiveCfg = Release|Any CPU
		{3AE752B2-12AE-415D-B1A9-DA7FF47AB100}.Release|Any CPU.Build.0 = Release|Any CPU
		{7D1F1700-7F75-4D7B-AE4F-ABE7116E1FBB}.Debug|Any CPU.ActiveCfg = Debug|Any CPU
		{7D1F1700-7F75-4D7B-AE4F-ABE7116E1FBB}.Debug|Any CPU.Build.0 = Debug|Any CPU
		{7D1F1700-7F75-4D7B-AE4F-ABE7116E1FBB}.Release|Any CPU.ActiveCfg = Release|Any CPU
		{7D1F1700-7F75-4D7B-AE4F-ABE7116E1FBB}.Release|Any CPU.Build.0 = Release|Any CPU
		{006971CA-0EF0-4BEE-99C3-DB1EBC14D6AB}.Debug|Any CPU.ActiveCfg = Debug|Any CPU
		{006971CA-0EF0-4BEE-99C3-DB1EBC14D6AB}.Debug|Any CPU.Build.0 = Debug|Any CPU
		{006971CA-0EF0-4BEE-99C3-DB1EBC14D6AB}.Release|Any CPU.ActiveCfg = Release|Any CPU
		{006971CA-0EF0-4BEE-99C3-DB1EBC14D6AB}.Release|Any CPU.Build.0 = Release|Any CPU
		{7258E7B6-81DC-4681-BDA8-0978B2FA7F92}.Debug|Any CPU.ActiveCfg = Debug|Any CPU
		{7258E7B6-81DC-4681-BDA8-0978B2FA7F92}.Debug|Any CPU.Build.0 = Debug|Any CPU
		{7258E7B6-81DC-4681-BDA8-0978B2FA7F92}.Release|Any CPU.ActiveCfg = Release|Any CPU
		{7258E7B6-81DC-4681-BDA8-0978B2FA7F92}.Release|Any CPU.Build.0 = Release|Any CPU
		{70B66EF9-215D-4187-9D9F-A56B3786E4A3}.Debug|Any CPU.ActiveCfg = Debug|Any CPU
		{70B66EF9-215D-4187-9D9F-A56B3786E4A3}.Debug|Any CPU.Build.0 = Debug|Any CPU
		{70B66EF9-215D-4187-9D9F-A56B3786E4A3}.Release|Any CPU.ActiveCfg = Release|Any CPU
		{70B66EF9-215D-4187-9D9F-A56B3786E4A3}.Release|Any CPU.Build.0 = Release|Any CPU
		{8BBA9203-0BF3-4161-91E8-E9993BF6859B}.Debug|Any CPU.ActiveCfg = Debug|Any CPU
		{8BBA9203-0BF3-4161-91E8-E9993BF6859B}.Debug|Any CPU.Build.0 = Debug|Any CPU
		{8BBA9203-0BF3-4161-91E8-E9993BF6859B}.Release|Any CPU.ActiveCfg = Release|Any CPU
		{8BBA9203-0BF3-4161-91E8-E9993BF6859B}.Release|Any CPU.Build.0 = Release|Any CPU
		{7F161CB8-A24A-49DE-AD05-B0C41AB0B98D}.Debug|Any CPU.ActiveCfg = Debug|Any CPU
		{7F161CB8-A24A-49DE-AD05-B0C41AB0B98D}.Debug|Any CPU.Build.0 = Debug|Any CPU
		{7F161CB8-A24A-49DE-AD05-B0C41AB0B98D}.Release|Any CPU.ActiveCfg = Release|Any CPU
		{7F161CB8-A24A-49DE-AD05-B0C41AB0B98D}.Release|Any CPU.Build.0 = Release|Any CPU
		{BA75D18A-55EF-4A83-8D40-A397F53A5F29}.Debug|Any CPU.ActiveCfg = Debug|Any CPU
		{BA75D18A-55EF-4A83-8D40-A397F53A5F29}.Debug|Any CPU.Build.0 = Debug|Any CPU
		{BA75D18A-55EF-4A83-8D40-A397F53A5F29}.Release|Any CPU.ActiveCfg = Release|Any CPU
		{BA75D18A-55EF-4A83-8D40-A397F53A5F29}.Release|Any CPU.Build.0 = Release|Any CPU
		{03E57D1F-F8B9-49CC-99B7-AC8029AD1E87}.Debug|Any CPU.ActiveCfg = Debug|Any CPU
		{03E57D1F-F8B9-49CC-99B7-AC8029AD1E87}.Debug|Any CPU.Build.0 = Debug|Any CPU
		{03E57D1F-F8B9-49CC-99B7-AC8029AD1E87}.Release|Any CPU.ActiveCfg = Release|Any CPU
		{03E57D1F-F8B9-49CC-99B7-AC8029AD1E87}.Release|Any CPU.Build.0 = Release|Any CPU
	EndGlobalSection
	GlobalSection(SolutionProperties) = preSolution
		HideSolutionNode = FALSE
	EndGlobalSection
	GlobalSection(ExtensibilityGlobals) = postSolution
		SolutionGuid = {480CC6D9-6C0E-4CCA-995D-78AEF66CE0B8}
	EndGlobalSection
EndGlobal
