
Microsoft Visual Studio Solution File, Format Version 12.00
# Visual Studio Version 16
VisualStudioVersion = 16.0.29613.14
MinimumVisualStudioVersion = 10.0.40219.1
Project("{FAE04EC0-301F-11D3-BF4B-00C04F79EFBC}") = "DebugDemo", "DebugDemo\DebugDemo.csproj", "{922F7EBC-1AF7-4EEC-9DF6-3EE4FC4BB2F5}"
EndProject
Project("{FAE04EC0-301F-11D3-BF4B-00C04F79EFBC}") = "Leg1", "Leg1\Leg1.csproj", "{14C1CB24-D628-4CC2-9128-20958AA673A2}"
EndProject
Global
	GlobalSection(SolutionConfigurationPlatforms) = preSolution
		Debug|Any CPU = Debug|Any CPU
		Release|Any CPU = Release|Any CPU
	EndGlobalSection
	GlobalSection(ProjectConfigurationPlatforms) = postSolution
		{922F7EBC-1AF7-4EEC-9DF6-3EE4FC4BB2F5}.Debug|Any CPU.ActiveCfg = Debug|Any CPU
		{922F7EBC-1AF7-4EEC-9DF6-3EE4FC4BB2F5}.Debug|Any CPU.Build.0 = Debug|Any CPU
		{922F7EBC-1AF7-4EEC-9DF6-3EE4FC4BB2F5}.Release|Any CPU.ActiveCfg = Release|Any CPU
		{922F7EBC-1AF7-4EEC-9DF6-3EE4FC4BB2F5}.Release|Any CPU.Build.0 = Release|Any CPU
		{14C1CB24-D628-4CC2-9128-20958AA673A2}.Debug|Any CPU.ActiveCfg = Debug|Any CPU
		{14C1CB24-D628-4CC2-9128-20958AA673A2}.Debug|Any CPU.Build.0 = Debug|Any CPU
		{14C1CB24-D628-4CC2-9128-20958AA673A2}.Release|Any CPU.ActiveCfg = Release|Any CPU
		{14C1CB24-D628-4CC2-9128-20958AA673A2}.Release|Any CPU.Build.0 = Release|Any CPU
	EndGlobalSection
	GlobalSection(SolutionProperties) = preSolution
		HideSolutionNode = FALSE
	EndGlobalSection
	GlobalSection(ExtensibilityGlobals) = postSolution
		SolutionGuid = {480CC6D9-6C0E-4CCA-995D-78AEF66CE0B8}
	EndGlobalSection
EndGlobal
